
Microsoft Visual Studio Solution File, Format Version 12.00
# Visual Studio Version 16
VisualStudioVersion = 16.0.30011.22
MinimumVisualStudioVersion = 10.0.40219.1
Project("{FAE04EC0-301F-11D3-BF4B-00C04F79EFBC}") = "GigHub", "GigHub\GigHub.csproj", "{0BB10A2E-153D-4957-A405-DC7E5F639526}"
EndProject
Global
	GlobalSection(SolutionConfigurationPlatforms) = preSolution
		Debug|Any CPU = Debug|Any CPU
		Release|Any CPU = Release|Any CPU
	EndGlobalSection
	GlobalSection(ProjectConfigurationPlatforms) = postSolution
		{0BB10A2E-153D-4957-A405-DC7E5F639526}.Debug|Any CPU.ActiveCfg = Debug|Any CPU
		{0BB10A2E-153D-4957-A405-DC7E5F639526}.Debug|Any CPU.Build.0 = Debug|Any CPU
		{0BB10A2E-153D-4957-A405-DC7E5F639526}.Release|Any CPU.ActiveCfg = Release|Any CPU
		{0BB10A2E-153D-4957-A405-DC7E5F639526}.Release|Any CPU.Build.0 = Release|Any CPU
	EndGlobalSection
	GlobalSection(SolutionProperties) = preSolution
		HideSolutionNode = FALSE
	EndGlobalSection
	GlobalSection(ExtensibilityGlobals) = postSolution
		SolutionGuid = {F9B733B2-F31E-4DE5-8D19-AC88CCF5D484}
	EndGlobalSection
EndGlobal
